
Microsoft Visual Studio Solution File, Format Version 12.00
# Visual Studio Version 16
VisualStudioVersion = 16.0.31624.102
MinimumVisualStudioVersion = 10.0.40219.1
Project("{FAE04EC0-301F-11D3-BF4B-00C04F79EFBC}") = "OrderAPI", "OrderAPI.csproj", "{8630C262-0D93-4087-A76E-57826AFD625F}"
EndProject
Global
	GlobalSection(SolutionConfigurationPlatforms) = preSolution
		Debug|Any CPU = Debug|Any CPU
		Release|Any CPU = Release|Any CPU
	EndGlobalSection
	GlobalSection(ProjectConfigurationPlatforms) = postSolution
		{8630C262-0D93-4087-A76E-57826AFD625F}.Debug|Any CPU.ActiveCfg = Debug|Any CPU
		{8630C262-0D93-4087-A76E-57826AFD625F}.Debug|Any CPU.Build.0 = Debug|Any CPU
		{8630C262-0D93-4087-A76E-57826AFD625F}.Release|Any CPU.ActiveCfg = Release|Any CPU
		{8630C262-0D93-4087-A76E-57826AFD625F}.Release|Any CPU.Build.0 = Release|Any CPU
	EndGlobalSection
	GlobalSection(SolutionProperties) = preSolution
		HideSolutionNode = FALSE
	EndGlobalSection
	GlobalSection(ExtensibilityGlobals) = postSolution
		SolutionGuid = {EF8D8D5B-9256-4884-94C9-374D6448EDF4}
	EndGlobalSection
EndGlobal
